// !$*UTF8*$!
{
	archiveVersion = 1;
	classes = {
	};
	objectVersion = 46;
	objects = {

/* Begin PBXBuildFile section */
		1916ADFB1E733AC3003EACC2 /* textViewRoundCorner.swift in Sources */ = {isa = PBXBuildFile; fileRef = 1916ADFA1E733AC3003EACC2 /* textViewRoundCorner.swift */; };
		193944761E9FEE3900557853 /* circlePP.swift in Sources */ = {isa = PBXBuildFile; fileRef = 193944751E9FEE3900557853 /* circlePP.swift */; };
		199AF66D1E6F6DAA00FBBAD1 /* RoundedImageCorner.swift in Sources */ = {isa = PBXBuildFile; fileRef = 199AF66C1E6F6DAA00FBBAD1 /* RoundedImageCorner.swift */; };
		199AF66F1E6F969F00FBBAD1 /* ContactUsVC.swift in Sources */ = {isa = PBXBuildFile; fileRef = 199AF66E1E6F969F00FBBAD1 /* ContactUsVC.swift */; };
		19BA3EEC1EEB1CAE00D07A96 /* ButtonTextLeft.swift in Sources */ = {isa = PBXBuildFile; fileRef = 19BA3EEB1EEB1CAE00D07A96 /* ButtonTextLeft.swift */; };
		19BA3EEE1EEB1F7F00D07A96 /* viewRoundCorner.swift in Sources */ = {isa = PBXBuildFile; fileRef = 19BA3EED1EEB1F7F00D07A96 /* viewRoundCorner.swift */; };
		19FBCB851E635FE500AA10B5 /* AppDelegate.swift in Sources */ = {isa = PBXBuildFile; fileRef = 19FBCB841E635FE500AA10B5 /* AppDelegate.swift */; };
		19FBCB871E635FE500AA10B5 /* BarFeedVC.swift in Sources */ = {isa = PBXBuildFile; fileRef = 19FBCB861E635FE500AA10B5 /* BarFeedVC.swift */; };
		19FBCB8A1E635FE500AA10B5 /* Main.storyboard in Resources */ = {isa = PBXBuildFile; fileRef = 19FBCB881E635FE500AA10B5 /* Main.storyboard */; };
		19FBCB8C1E635FE500AA10B5 /* Assets.xcassets in Resources */ = {isa = PBXBuildFile; fileRef = 19FBCB8B1E635FE500AA10B5 /* Assets.xcassets */; };
		19FBCB8F1E635FE500AA10B5 /* LaunchScreen.storyboard in Resources */ = {isa = PBXBuildFile; fileRef = 19FBCB8D1E635FE500AA10B5 /* LaunchScreen.storyboard */; };
		19FBCBB81E6379A600AA10B5 /* Shadow&RoundBtn.swift in Sources */ = {isa = PBXBuildFile; fileRef = 19FBCBB71E6379A600AA10B5 /* Shadow&RoundBtn.swift */; };
		19FBCBBA1E6379E200AA10B5 /* Constants.swift in Sources */ = {isa = PBXBuildFile; fileRef = 19FBCBB91E6379E200AA10B5 /* Constants.swift */; };
		5605D48C1E9806900098EC52 /* MyFirebaseAPIClient.swift in Sources */ = {isa = PBXBuildFile; fileRef = 5605D48B1E9806900098EC52 /* MyFirebaseAPIClient.swift */; };
		56081B851EB03DAE00BF6671 /* GoogleService-Info.plist in Resources */ = {isa = PBXBuildFile; fileRef = 56081B841EB03DAE00BF6671 /* GoogleService-Info.plist */; };
		560861661E7B6924001E1F13 /* ScreenWithBackButtonVC.swift in Sources */ = {isa = PBXBuildFile; fileRef = 560861651E7B6924001E1F13 /* ScreenWithBackButtonVC.swift */; };
		5614B34E1EEA35CC00357244 /* FlipSideVC.swift in Sources */ = {isa = PBXBuildFile; fileRef = 5614B34D1EEA35CC00357244 /* FlipSideVC.swift */; };
		561DBACE1EE0FA6200D2DADD /* SlideMenuVC.swift in Sources */ = {isa = PBXBuildFile; fileRef = 561DBACD1EE0FA6200D2DADD /* SlideMenuVC.swift */; };
		561DBAD01EE2501E00D2DADD /* BaseMenuVC.swift in Sources */ = {isa = PBXBuildFile; fileRef = 561DBACF1EE2501E00D2DADD /* BaseMenuVC.swift */; };
		561DBAE71EE4EF3500D2DADD /* AddBarFlow.storyboard in Resources */ = {isa = PBXBuildFile; fileRef = 561DBAE61EE4EF3500D2DADD /* AddBarFlow.storyboard */; };
		561DBAE91EE4EF4700D2DADD /* Splash.storyboard in Resources */ = {isa = PBXBuildFile; fileRef = 561DBAE81EE4EF4700D2DADD /* Splash.storyboard */; };
		561DBAEB1EE4EFD800D2DADD /* Menu.storyboard in Resources */ = {isa = PBXBuildFile; fileRef = 561DBAEA1EE4EFD800D2DADD /* Menu.storyboard */; };
		561DBAED1EE4F00A00D2DADD /* LoginFlow.storyboard in Resources */ = {isa = PBXBuildFile; fileRef = 561DBAEC1EE4F00A00D2DADD /* LoginFlow.storyboard */; };
		561DBAEF1EE4F18A00D2DADD /* SplashVC.swift in Sources */ = {isa = PBXBuildFile; fileRef = 561DBAEE1EE4F18A00D2DADD /* SplashVC.swift */; };
		561DBAF11EE4FDC100D2DADD /* MenuItemTableViewCell.swift in Sources */ = {isa = PBXBuildFile; fileRef = 561DBAF01EE4FDC100D2DADD /* MenuItemTableViewCell.swift */; };
		561DBAF31EE8ECA900D2DADD /* RecommendBarVC.swift in Sources */ = {isa = PBXBuildFile; fileRef = 561DBAF21EE8ECA900D2DADD /* RecommendBarVC.swift */; };
		561DBAF51EE8EF2400D2DADD /* TermsAndConditionsVC.swift in Sources */ = {isa = PBXBuildFile; fileRef = 561DBAF41EE8EF2400D2DADD /* TermsAndConditionsVC.swift */; };
		561DBAF81EEA317800D2DADD /* PayPalCheckoutVC.swift in Sources */ = {isa = PBXBuildFile; fileRef = 561DBAF71EEA317800D2DADD /* PayPalCheckoutVC.swift */; };
		5632C26B1E933716003C2D6B /* StripeAPIClient.swift in Sources */ = {isa = PBXBuildFile; fileRef = 5632C26A1E933716003C2D6B /* StripeAPIClient.swift */; };
		5657A9701F055FDA008CA2FF /* BarService.swift in Sources */ = {isa = PBXBuildFile; fileRef = 5657A96F1F055FDA008CA2FF /* BarService.swift */; };
		5657A9721F0F28F1008CA2FF /* ConfigUtil.swift in Sources */ = {isa = PBXBuildFile; fileRef = 5657A9711F0F28F1008CA2FF /* ConfigUtil.swift */; };
		5657A9761F146D7A008CA2FF /* BarUtil.swift in Sources */ = {isa = PBXBuildFile; fileRef = 5657A9751F146D7A008CA2FF /* BarUtil.swift */; };
		5657A9781F151577008CA2FF /* FinishEmailVC.swift in Sources */ = {isa = PBXBuildFile; fileRef = 5657A9771F151577008CA2FF /* FinishEmailVC.swift */; };
		5669A3DC1F0299FB0098B9A0 /* RedeemSuccessVC.swift in Sources */ = {isa = PBXBuildFile; fileRef = 5669A3DB1F0299FB0098B9A0 /* RedeemSuccessVC.swift */; };
		5669A3DE1F033AA10098B9A0 /* PhoneVerificationVC.swift in Sources */ = {isa = PBXBuildFile; fileRef = 5669A3DD1F033AA10098B9A0 /* PhoneVerificationVC.swift */; };
		56839A531EEDC68E00A7E0ED /* PaypalWebViewVC.swift in Sources */ = {isa = PBXBuildFile; fileRef = 56839A521EEDC68E00A7E0ED /* PaypalWebViewVC.swift */; };
		56839A571EEDEA6B00A7E0ED /* PaypalAPIClient.swift in Sources */ = {isa = PBXBuildFile; fileRef = 56839A561EEDEA6B00A7E0ED /* PaypalAPIClient.swift */; };
		56839A591EEDEAAB00A7E0ED /* RESTClient.swift in Sources */ = {isa = PBXBuildFile; fileRef = 56839A581EEDEAAB00A7E0ED /* RESTClient.swift */; };
		56B00C3F1E70C9F400B64B71 /* CreateEmailLoginVC.swift in Sources */ = {isa = PBXBuildFile; fileRef = 56B00C3E1E70C9F400B64B71 /* CreateEmailLoginVC.swift */; };
		56B00C421E70CA2600B64B71 /* ForgotCredentialsVC.swift in Sources */ = {isa = PBXBuildFile; fileRef = 56B00C411E70CA2600B64B71 /* ForgotCredentialsVC.swift */; };
		56B589511E94668D009F7786 /* CheckoutVC.swift in Sources */ = {isa = PBXBuildFile; fileRef = 56B589501E94668D009F7786 /* CheckoutVC.swift */; };
		56B91AFC1E65195600CB40BB /* FirstLoginVC.swift in Sources */ = {isa = PBXBuildFile; fileRef = 56B91AFB1E65195600CB40BB /* FirstLoginVC.swift */; };
		56B91AFE1E651A2000CB40BB /* AccountVC.swift in Sources */ = {isa = PBXBuildFile; fileRef = 56B91AFD1E651A2000CB40BB /* AccountVC.swift */; };
		56B91B001E651A8C00CB40BB /* User.swift in Sources */ = {isa = PBXBuildFile; fileRef = 56B91AFF1E651A8C00CB40BB /* User.swift */; };
		56B91B041E651B6600CB40BB /* BarTableViewCell.swift in Sources */ = {isa = PBXBuildFile; fileRef = 56B91B031E651B6600CB40BB /* BarTableViewCell.swift */; };
		56B91B061E651C1700CB40BB /* DataService.swift in Sources */ = {isa = PBXBuildFile; fileRef = 56B91B051E651C1700CB40BB /* DataService.swift */; };
		56B91B081E651C7700CB40BB /* GeneralFunctions.swift in Sources */ = {isa = PBXBuildFile; fileRef = 56B91B071E651C7700CB40BB /* GeneralFunctions.swift */; };
		56B963261F1E9A6900F63517 /* PrivacyPolicyVC.swift in Sources */ = {isa = PBXBuildFile; fileRef = 56B963251F1E9A6800F63517 /* PrivacyPolicyVC.swift */; };
		56CE08821EF21F3900778FB7 /* CurrentlyUnused.storyboard in Resources */ = {isa = PBXBuildFile; fileRef = 56CE08811EF21F3900778FB7 /* CurrentlyUnused.storyboard */; };
		56DC61201ECF5DE4001279F9 /* ReferralVC.swift in Sources */ = {isa = PBXBuildFile; fileRef = 56DC611F1ECF5DE4001279F9 /* ReferralVC.swift */; };
		56DC6A4A1EADAB9800449739 /* UserService.swift in Sources */ = {isa = PBXBuildFile; fileRef = 56DC6A491EADAB9800449739 /* UserService.swift */; };
		56F78A5E1E6A600E000E10F4 /* HistoryTableViewCell.swift in Sources */ = {isa = PBXBuildFile; fileRef = 56F78A5D1E6A600E000E10F4 /* HistoryTableViewCell.swift */; };
		56FDE76F1E6523DA00BDE97F /* HistoryVC.swift in Sources */ = {isa = PBXBuildFile; fileRef = 56FDE76E1E6523DA00BDE97F /* HistoryVC.swift */; };
		56FDE7711E666F3E00BDE97F /* BarDetailVC.swift in Sources */ = {isa = PBXBuildFile; fileRef = 56FDE7701E666F3E00BDE97F /* BarDetailVC.swift */; };
		56FDE7731E666F9D00BDE97F /* Protocols.swift in Sources */ = {isa = PBXBuildFile; fileRef = 56FDE7721E666F9D00BDE97F /* Protocols.swift */; };
		56FDE7751E666FD600BDE97F /* Bar.swift in Sources */ = {isa = PBXBuildFile; fileRef = 56FDE7741E666FD600BDE97F /* Bar.swift */; };
		56FF17851E6F8DC000089C7C /* EmailLoginVC.swift in Sources */ = {isa = PBXBuildFile; fileRef = 56FF17841E6F8DC000089C7C /* EmailLoginVC.swift */; };
		56FF17871E6F8E5D00089C7C /* SignUpBarIntialVC.swift in Sources */ = {isa = PBXBuildFile; fileRef = 56FF17861E6F8E5D00089C7C /* SignUpBarIntialVC.swift */; };
		56FF17891E6F8F3500089C7C /* BarHoursVC.swift in Sources */ = {isa = PBXBuildFile; fileRef = 56FF17881E6F8F3500089C7C /* BarHoursVC.swift */; };
		56FF178C1E6FA0A300089C7C /* BarAddDetailsVC.swift in Sources */ = {isa = PBXBuildFile; fileRef = 56FF178B1E6FA0A300089C7C /* BarAddDetailsVC.swift */; };
		56FF178E1E6FA0BB00089C7C /* BarReviewVC.swift in Sources */ = {isa = PBXBuildFile; fileRef = 56FF178D1E6FA0BB00089C7C /* BarReviewVC.swift */; };
		B2DC4234E10FECF5AC82AB98 /* Pods_CheersTests.framework in Frameworks */ = {isa = PBXBuildFile; fileRef = BA4CDDD0B1418C24C68CEFA8 /* Pods_CheersTests.framework */; };
		D3FA22B973D9F706D58B3D8B /* Pods_CheersUITests.framework in Frameworks */ = {isa = PBXBuildFile; fileRef = A5987E8C9EA118C2713B89A3 /* Pods_CheersUITests.framework */; };
		FB7086E58FDF69C53862D98D /* Pods_Cheers.framework in Frameworks */ = {isa = PBXBuildFile; fileRef = 26B584204E8B800ADDF298D4 /* Pods_Cheers.framework */; };
/* End PBXBuildFile section */

/* Begin PBXContainerItemProxy section */
		19FBCB961E635FE500AA10B5 /* PBXContainerItemProxy */ = {
			isa = PBXContainerItemProxy;
			containerPortal = 19FBCB791E635FE500AA10B5 /* Project object */;
			proxyType = 1;
			remoteGlobalIDString = 19FBCB801E635FE500AA10B5;
			remoteInfo = Cheers;
		};
		19FBCBA11E635FE500AA10B5 /* PBXContainerItemProxy */ = {
			isa = PBXContainerItemProxy;
			containerPortal = 19FBCB791E635FE500AA10B5 /* Project object */;
			proxyType = 1;
			remoteGlobalIDString = 19FBCB801E635FE500AA10B5;
			remoteInfo = Cheers;
		};
/* End PBXContainerItemProxy section */

/* Begin PBXFileReference section */
		05ACC2884374D7C5120E77BD /* Pods-CheersUITests.release.xcconfig */ = {isa = PBXFileReference; includeInIndex = 1; lastKnownFileType = text.xcconfig; name = "Pods-CheersUITests.release.xcconfig"; path = "Pods/Target Support Files/Pods-CheersUITests/Pods-CheersUITests.release.xcconfig"; sourceTree = "<group>"; };
		0FF677D2DC6CF78E1672A73A /* Pods-CheersTests.release.xcconfig */ = {isa = PBXFileReference; includeInIndex = 1; lastKnownFileType = text.xcconfig; name = "Pods-CheersTests.release.xcconfig"; path = "Pods/Target Support Files/Pods-CheersTests/Pods-CheersTests.release.xcconfig"; sourceTree = "<group>"; };
		1803AED7E78CBD054C9CC6C6 /* Pods-CheersUITests.debug.xcconfig */ = {isa = PBXFileReference; includeInIndex = 1; lastKnownFileType = text.xcconfig; name = "Pods-CheersUITests.debug.xcconfig"; path = "Pods/Target Support Files/Pods-CheersUITests/Pods-CheersUITests.debug.xcconfig"; sourceTree = "<group>"; };
		1916ADFA1E733AC3003EACC2 /* textViewRoundCorner.swift */ = {isa = PBXFileReference; fileEncoding = 4; lastKnownFileType = sourcecode.swift; path = textViewRoundCorner.swift; sourceTree = "<group>"; };
		193944751E9FEE3900557853 /* circlePP.swift */ = {isa = PBXFileReference; fileEncoding = 4; lastKnownFileType = sourcecode.swift; path = circlePP.swift; sourceTree = "<group>"; };
		199AF66C1E6F6DAA00FBBAD1 /* RoundedImageCorner.swift */ = {isa = PBXFileReference; fileEncoding = 4; lastKnownFileType = sourcecode.swift; path = RoundedImageCorner.swift; sourceTree = "<group>"; };
		199AF66E1E6F969F00FBBAD1 /* ContactUsVC.swift */ = {isa = PBXFileReference; fileEncoding = 4; lastKnownFileType = sourcecode.swift; path = ContactUsVC.swift; sourceTree = "<group>"; };
		19BA3EEB1EEB1CAE00D07A96 /* ButtonTextLeft.swift */ = {isa = PBXFileReference; fileEncoding = 4; lastKnownFileType = sourcecode.swift; path = ButtonTextLeft.swift; sourceTree = "<group>"; };
		19BA3EED1EEB1F7F00D07A96 /* viewRoundCorner.swift */ = {isa = PBXFileReference; fileEncoding = 4; lastKnownFileType = sourcecode.swift; path = viewRoundCorner.swift; sourceTree = "<group>"; };
		19FBCB811E635FE500AA10B5 /* Cheers.app */ = {isa = PBXFileReference; explicitFileType = wrapper.application; includeInIndex = 0; path = Cheers.app; sourceTree = BUILT_PRODUCTS_DIR; };
		19FBCB841E635FE500AA10B5 /* AppDelegate.swift */ = {isa = PBXFileReference; lastKnownFileType = sourcecode.swift; path = AppDelegate.swift; sourceTree = "<group>"; };
		19FBCB861E635FE500AA10B5 /* BarFeedVC.swift */ = {isa = PBXFileReference; lastKnownFileType = sourcecode.swift; path = BarFeedVC.swift; sourceTree = "<group>"; };
		19FBCB891E635FE500AA10B5 /* Base */ = {isa = PBXFileReference; lastKnownFileType = file.storyboard; name = Base; path = Base.lproj/Main.storyboard; sourceTree = "<group>"; };
		19FBCB8B1E635FE500AA10B5 /* Assets.xcassets */ = {isa = PBXFileReference; lastKnownFileType = folder.assetcatalog; path = Assets.xcassets; sourceTree = "<group>"; };
		19FBCB8E1E635FE500AA10B5 /* Base */ = {isa = PBXFileReference; lastKnownFileType = file.storyboard; name = Base; path = Base.lproj/LaunchScreen.storyboard; sourceTree = "<group>"; };
		19FBCB901E635FE500AA10B5 /* Info.plist */ = {isa = PBXFileReference; lastKnownFileType = text.plist.xml; path = Info.plist; sourceTree = "<group>"; };
		19FBCB951E635FE500AA10B5 /* CheersTests.xctest */ = {isa = PBXFileReference; explicitFileType = wrapper.cfbundle; includeInIndex = 0; path = CheersTests.xctest; sourceTree = BUILT_PRODUCTS_DIR; };
		19FBCBA01E635FE500AA10B5 /* CheersUITests.xctest */ = {isa = PBXFileReference; explicitFileType = wrapper.cfbundle; includeInIndex = 0; path = CheersUITests.xctest; sourceTree = BUILT_PRODUCTS_DIR; };
		19FBCBB71E6379A600AA10B5 /* Shadow&RoundBtn.swift */ = {isa = PBXFileReference; fileEncoding = 4; lastKnownFileType = sourcecode.swift; path = "Shadow&RoundBtn.swift"; sourceTree = "<group>"; };
		19FBCBB91E6379E200AA10B5 /* Constants.swift */ = {isa = PBXFileReference; fileEncoding = 4; lastKnownFileType = sourcecode.swift; path = Constants.swift; sourceTree = "<group>"; };
		26B584204E8B800ADDF298D4 /* Pods_Cheers.framework */ = {isa = PBXFileReference; explicitFileType = wrapper.framework; includeInIndex = 0; path = Pods_Cheers.framework; sourceTree = BUILT_PRODUCTS_DIR; };
		5605D48B1E9806900098EC52 /* MyFirebaseAPIClient.swift */ = {isa = PBXFileReference; fileEncoding = 4; lastKnownFileType = sourcecode.swift; path = MyFirebaseAPIClient.swift; sourceTree = "<group>"; };
		56081B841EB03DAE00BF6671 /* GoogleService-Info.plist */ = {isa = PBXFileReference; fileEncoding = 4; lastKnownFileType = text.plist.xml; path = "GoogleService-Info.plist"; sourceTree = "<group>"; };
		56081B861EB1541E00BF6671 /* Cheers.entitlements */ = {isa = PBXFileReference; lastKnownFileType = text.plist.entitlements; path = Cheers.entitlements; sourceTree = "<group>"; };
		560861651E7B6924001E1F13 /* ScreenWithBackButtonVC.swift */ = {isa = PBXFileReference; fileEncoding = 4; lastKnownFileType = sourcecode.swift; path = ScreenWithBackButtonVC.swift; sourceTree = "<group>"; };
		5614B34D1EEA35CC00357244 /* FlipSideVC.swift */ = {isa = PBXFileReference; fileEncoding = 4; lastKnownFileType = sourcecode.swift; path = FlipSideVC.swift; sourceTree = "<group>"; };
		561DBACD1EE0FA6200D2DADD /* SlideMenuVC.swift */ = {isa = PBXFileReference; fileEncoding = 4; lastKnownFileType = sourcecode.swift; path = SlideMenuVC.swift; sourceTree = "<group>"; };
		561DBACF1EE2501E00D2DADD /* BaseMenuVC.swift */ = {isa = PBXFileReference; fileEncoding = 4; lastKnownFileType = sourcecode.swift; path = BaseMenuVC.swift; sourceTree = "<group>"; };
		561DBAE61EE4EF3500D2DADD /* AddBarFlow.storyboard */ = {isa = PBXFileReference; fileEncoding = 4; lastKnownFileType = file.storyboard; path = AddBarFlow.storyboard; sourceTree = "<group>"; };
		561DBAE81EE4EF4700D2DADD /* Splash.storyboard */ = {isa = PBXFileReference; fileEncoding = 4; lastKnownFileType = file.storyboard; path = Splash.storyboard; sourceTree = "<group>"; };
		561DBAEA1EE4EFD800D2DADD /* Menu.storyboard */ = {isa = PBXFileReference; fileEncoding = 4; lastKnownFileType = file.storyboard; path = Menu.storyboard; sourceTree = "<group>"; };
		561DBAEC1EE4F00A00D2DADD /* LoginFlow.storyboard */ = {isa = PBXFileReference; fileEncoding = 4; lastKnownFileType = file.storyboard; path = LoginFlow.storyboard; sourceTree = "<group>"; };
		561DBAEE1EE4F18A00D2DADD /* SplashVC.swift */ = {isa = PBXFileReference; fileEncoding = 4; lastKnownFileType = sourcecode.swift; path = SplashVC.swift; sourceTree = "<group>"; };
		561DBAF01EE4FDC100D2DADD /* MenuItemTableViewCell.swift */ = {isa = PBXFileReference; fileEncoding = 4; lastKnownFileType = sourcecode.swift; path = MenuItemTableViewCell.swift; sourceTree = "<group>"; };
		561DBAF21EE8ECA900D2DADD /* RecommendBarVC.swift */ = {isa = PBXFileReference; fileEncoding = 4; lastKnownFileType = sourcecode.swift; path = RecommendBarVC.swift; sourceTree = "<group>"; };
		561DBAF41EE8EF2400D2DADD /* TermsAndConditionsVC.swift */ = {isa = PBXFileReference; fileEncoding = 4; lastKnownFileType = sourcecode.swift; path = TermsAndConditionsVC.swift; sourceTree = "<group>"; };
		561DBAF61EEA306300D2DADD /* Cheers-Bridging-Header.h */ = {isa = PBXFileReference; lastKnownFileType = sourcecode.c.h; path = "Cheers-Bridging-Header.h"; sourceTree = "<group>"; };
		561DBAF71EEA317800D2DADD /* PayPalCheckoutVC.swift */ = {isa = PBXFileReference; fileEncoding = 4; lastKnownFileType = sourcecode.swift; path = PayPalCheckoutVC.swift; sourceTree = "<group>"; };
		5632C26A1E933716003C2D6B /* StripeAPIClient.swift */ = {isa = PBXFileReference; fileEncoding = 4; lastKnownFileType = sourcecode.swift; path = StripeAPIClient.swift; sourceTree = "<group>"; };
		563E81161EF0B11B00AB1AE4 /* Base */ = {isa = PBXFileReference; lastKnownFileType = sourcecode.swift; name = Base; path = Base.lproj/XibView.swift; sourceTree = "<group>"; };
		5657A96F1F055FDA008CA2FF /* BarService.swift */ = {isa = PBXFileReference; fileEncoding = 4; lastKnownFileType = sourcecode.swift; path = BarService.swift; sourceTree = "<group>"; };
		5657A9711F0F28F1008CA2FF /* ConfigUtil.swift */ = {isa = PBXFileReference; fileEncoding = 4; lastKnownFileType = sourcecode.swift; path = ConfigUtil.swift; sourceTree = "<group>"; };
		5657A9751F146D7A008CA2FF /* BarUtil.swift */ = {isa = PBXFileReference; fileEncoding = 4; lastKnownFileType = sourcecode.swift; path = BarUtil.swift; sourceTree = "<group>"; };
		5657A9771F151577008CA2FF /* FinishEmailVC.swift */ = {isa = PBXFileReference; fileEncoding = 4; lastKnownFileType = sourcecode.swift; path = FinishEmailVC.swift; sourceTree = "<group>"; };
		5669A3DB1F0299FB0098B9A0 /* RedeemSuccessVC.swift */ = {isa = PBXFileReference; fileEncoding = 4; lastKnownFileType = sourcecode.swift; path = RedeemSuccessVC.swift; sourceTree = "<group>"; };
		5669A3DD1F033AA10098B9A0 /* PhoneVerificationVC.swift */ = {isa = PBXFileReference; fileEncoding = 4; lastKnownFileType = sourcecode.swift; path = PhoneVerificationVC.swift; sourceTree = "<group>"; };
		56839A521EEDC68E00A7E0ED /* PaypalWebViewVC.swift */ = {isa = PBXFileReference; fileEncoding = 4; lastKnownFileType = sourcecode.swift; path = PaypalWebViewVC.swift; sourceTree = "<group>"; };
		56839A561EEDEA6B00A7E0ED /* PaypalAPIClient.swift */ = {isa = PBXFileReference; fileEncoding = 4; lastKnownFileType = sourcecode.swift; path = PaypalAPIClient.swift; sourceTree = "<group>"; };
		56839A581EEDEAAB00A7E0ED /* RESTClient.swift */ = {isa = PBXFileReference; fileEncoding = 4; lastKnownFileType = sourcecode.swift; path = RESTClient.swift; sourceTree = "<group>"; };
		56B00C3E1E70C9F400B64B71 /* CreateEmailLoginVC.swift */ = {isa = PBXFileReference; fileEncoding = 4; lastKnownFileType = sourcecode.swift; path = CreateEmailLoginVC.swift; sourceTree = "<group>"; };
		56B00C411E70CA2600B64B71 /* ForgotCredentialsVC.swift */ = {isa = PBXFileReference; fileEncoding = 4; lastKnownFileType = sourcecode.swift; path = ForgotCredentialsVC.swift; sourceTree = "<group>"; };
		56B589501E94668D009F7786 /* CheckoutVC.swift */ = {isa = PBXFileReference; fileEncoding = 4; lastKnownFileType = sourcecode.swift; path = CheckoutVC.swift; sourceTree = "<group>"; };
		56B91AFB1E65195600CB40BB /* FirstLoginVC.swift */ = {isa = PBXFileReference; fileEncoding = 4; lastKnownFileType = sourcecode.swift; path = FirstLoginVC.swift; sourceTree = "<group>"; };
		56B91AFD1E651A2000CB40BB /* AccountVC.swift */ = {isa = PBXFileReference; fileEncoding = 4; lastKnownFileType = sourcecode.swift; path = AccountVC.swift; sourceTree = "<group>"; };
		56B91AFF1E651A8C00CB40BB /* User.swift */ = {isa = PBXFileReference; fileEncoding = 4; lastKnownFileType = sourcecode.swift; path = User.swift; sourceTree = "<group>"; };
		56B91B031E651B6600CB40BB /* BarTableViewCell.swift */ = {isa = PBXFileReference; fileEncoding = 4; lastKnownFileType = sourcecode.swift; path = BarTableViewCell.swift; sourceTree = "<group>"; };
		56B91B051E651C1700CB40BB /* DataService.swift */ = {isa = PBXFileReference; fileEncoding = 4; lastKnownFileType = sourcecode.swift; path = DataService.swift; sourceTree = "<group>"; };
		56B91B071E651C7700CB40BB /* GeneralFunctions.swift */ = {isa = PBXFileReference; fileEncoding = 4; lastKnownFileType = sourcecode.swift; path = GeneralFunctions.swift; sourceTree = "<group>"; };
		56B963251F1E9A6800F63517 /* PrivacyPolicyVC.swift */ = {isa = PBXFileReference; fileEncoding = 4; lastKnownFileType = sourcecode.swift; path = PrivacyPolicyVC.swift; sourceTree = "<group>"; };
		56CE08811EF21F3900778FB7 /* CurrentlyUnused.storyboard */ = {isa = PBXFileReference; fileEncoding = 4; lastKnownFileType = file.storyboard; path = CurrentlyUnused.storyboard; sourceTree = "<group>"; };
		56DC611F1ECF5DE4001279F9 /* ReferralVC.swift */ = {isa = PBXFileReference; fileEncoding = 4; lastKnownFileType = sourcecode.swift; path = ReferralVC.swift; sourceTree = "<group>"; };
		56DC6A491EADAB9800449739 /* UserService.swift */ = {isa = PBXFileReference; fileEncoding = 4; lastKnownFileType = sourcecode.swift; path = UserService.swift; sourceTree = "<group>"; };
		56F78A5D1E6A600E000E10F4 /* HistoryTableViewCell.swift */ = {isa = PBXFileReference; fileEncoding = 4; lastKnownFileType = sourcecode.swift; path = HistoryTableViewCell.swift; sourceTree = "<group>"; };
		56FDE76E1E6523DA00BDE97F /* HistoryVC.swift */ = {isa = PBXFileReference; fileEncoding = 4; lastKnownFileType = sourcecode.swift; path = HistoryVC.swift; sourceTree = "<group>"; };
		56FDE7701E666F3E00BDE97F /* BarDetailVC.swift */ = {isa = PBXFileReference; fileEncoding = 4; lastKnownFileType = sourcecode.swift; path = BarDetailVC.swift; sourceTree = "<group>"; };
		56FDE7721E666F9D00BDE97F /* Protocols.swift */ = {isa = PBXFileReference; fileEncoding = 4; lastKnownFileType = sourcecode.swift; path = Protocols.swift; sourceTree = "<group>"; };
		56FDE7741E666FD600BDE97F /* Bar.swift */ = {isa = PBXFileReference; fileEncoding = 4; lastKnownFileType = sourcecode.swift; path = Bar.swift; sourceTree = "<group>"; };
		56FF17841E6F8DC000089C7C /* EmailLoginVC.swift */ = {isa = PBXFileReference; fileEncoding = 4; lastKnownFileType = sourcecode.swift; path = EmailLoginVC.swift; sourceTree = "<group>"; };
		56FF17861E6F8E5D00089C7C /* SignUpBarIntialVC.swift */ = {isa = PBXFileReference; fileEncoding = 4; lastKnownFileType = sourcecode.swift; path = SignUpBarIntialVC.swift; sourceTree = "<group>"; };
		56FF17881E6F8F3500089C7C /* BarHoursVC.swift */ = {isa = PBXFileReference; fileEncoding = 4; lastKnownFileType = sourcecode.swift; path = BarHoursVC.swift; sourceTree = "<group>"; };
		56FF178B1E6FA0A300089C7C /* BarAddDetailsVC.swift */ = {isa = PBXFileReference; fileEncoding = 4; lastKnownFileType = sourcecode.swift; path = BarAddDetailsVC.swift; sourceTree = "<group>"; };
		56FF178D1E6FA0BB00089C7C /* BarReviewVC.swift */ = {isa = PBXFileReference; fileEncoding = 4; lastKnownFileType = sourcecode.swift; path = BarReviewVC.swift; sourceTree = "<group>"; };
		84C39E5C7F2AA6B4B91E2A62 /* Pods-CheersTests.debug.xcconfig */ = {isa = PBXFileReference; includeInIndex = 1; lastKnownFileType = text.xcconfig; name = "Pods-CheersTests.debug.xcconfig"; path = "Pods/Target Support Files/Pods-CheersTests/Pods-CheersTests.debug.xcconfig"; sourceTree = "<group>"; };
		91E0287E48F2ECDEB8F29508 /* Pods-Cheers.release.xcconfig */ = {isa = PBXFileReference; includeInIndex = 1; lastKnownFileType = text.xcconfig; name = "Pods-Cheers.release.xcconfig"; path = "Pods/Target Support Files/Pods-Cheers/Pods-Cheers.release.xcconfig"; sourceTree = "<group>"; };
		A1796906B35241706F3C0F60 /* Pods-Cheers.debug.xcconfig */ = {isa = PBXFileReference; includeInIndex = 1; lastKnownFileType = text.xcconfig; name = "Pods-Cheers.debug.xcconfig"; path = "Pods/Target Support Files/Pods-Cheers/Pods-Cheers.debug.xcconfig"; sourceTree = "<group>"; };
		A5987E8C9EA118C2713B89A3 /* Pods_CheersUITests.framework */ = {isa = PBXFileReference; explicitFileType = wrapper.framework; includeInIndex = 0; path = Pods_CheersUITests.framework; sourceTree = BUILT_PRODUCTS_DIR; };
		BA4CDDD0B1418C24C68CEFA8 /* Pods_CheersTests.framework */ = {isa = PBXFileReference; explicitFileType = wrapper.framework; includeInIndex = 0; path = Pods_CheersTests.framework; sourceTree = BUILT_PRODUCTS_DIR; };
/* End PBXFileReference section */

/* Begin PBXFrameworksBuildPhase section */
		19FBCB7E1E635FE500AA10B5 /* Frameworks */ = {
			isa = PBXFrameworksBuildPhase;
			buildActionMask = 2147483647;
			files = (
				FB7086E58FDF69C53862D98D /* Pods_Cheers.framework in Frameworks */,
			);
			runOnlyForDeploymentPostprocessing = 0;
		};
		19FBCB921E635FE500AA10B5 /* Frameworks */ = {
			isa = PBXFrameworksBuildPhase;
			buildActionMask = 2147483647;
			files = (
				B2DC4234E10FECF5AC82AB98 /* Pods_CheersTests.framework in Frameworks */,
			);
			runOnlyForDeploymentPostprocessing = 0;
		};
		19FBCB9D1E635FE500AA10B5 /* Frameworks */ = {
			isa = PBXFrameworksBuildPhase;
			buildActionMask = 2147483647;
			files = (
				D3FA22B973D9F706D58B3D8B /* Pods_CheersUITests.framework in Frameworks */,
			);
			runOnlyForDeploymentPostprocessing = 0;
		};
/* End PBXFrameworksBuildPhase section */

/* Begin PBXGroup section */
		19FBCB781E635FE500AA10B5 = {
			isa = PBXGroup;
			children = (
				19FBCB831E635FE500AA10B5 /* Cheers */,
				19FBCB821E635FE500AA10B5 /* Products */,
				CBD6B26D9B5D9A1CBC6C837C /* Pods */,
				C387BBCABFA9C5ED466D521E /* Frameworks */,
			);
			sourceTree = "<group>";
		};
		19FBCB821E635FE500AA10B5 /* Products */ = {
			isa = PBXGroup;
			children = (
				19FBCB811E635FE500AA10B5 /* Cheers.app */,
				19FBCB951E635FE500AA10B5 /* CheersTests.xctest */,
				19FBCBA01E635FE500AA10B5 /* CheersUITests.xctest */,
			);
			name = Products;
			sourceTree = "<group>";
		};
		19FBCB831E635FE500AA10B5 /* Cheers */ = {
			isa = PBXGroup;
			children = (
				56081B861EB1541E00BF6671 /* Cheers.entitlements */,
				19FBCB841E635FE500AA10B5 /* AppDelegate.swift */,
				19FBCBB21E6378A700AA10B5 /* Services */,
				19FBCBB31E6378AE00AA10B5 /* Utilities */,
				19FBCBB41E6378B600AA10B5 /* Model */,
				19FBCBB61E6378C200AA10B5 /* Controller */,
				19FBCB8B1E635FE500AA10B5 /* Assets.xcassets */,
				19FBCB881E635FE500AA10B5 /* Main.storyboard */,
				56CE08811EF21F3900778FB7 /* CurrentlyUnused.storyboard */,
				561DBAE61EE4EF3500D2DADD /* AddBarFlow.storyboard */,
				561DBAE81EE4EF4700D2DADD /* Splash.storyboard */,
				561DBAEA1EE4EFD800D2DADD /* Menu.storyboard */,
				561DBAEC1EE4F00A00D2DADD /* LoginFlow.storyboard */,
				19FBCB8D1E635FE500AA10B5 /* LaunchScreen.storyboard */,
				56081B841EB03DAE00BF6671 /* GoogleService-Info.plist */,
				19FBCB901E635FE500AA10B5 /* Info.plist */,
				561DBAF61EEA306300D2DADD /* Cheers-Bridging-Header.h */,
			);
			path = Cheers;
			sourceTree = "<group>";
		};
		19FBCBB21E6378A700AA10B5 /* Services */ = {
			isa = PBXGroup;
			children = (
				56B91B051E651C1700CB40BB /* DataService.swift */,
				5605D48B1E9806900098EC52 /* MyFirebaseAPIClient.swift */,
				56839A581EEDEAAB00A7E0ED /* RESTClient.swift */,
				5632C26A1E933716003C2D6B /* StripeAPIClient.swift */,
				56839A561EEDEA6B00A7E0ED /* PaypalAPIClient.swift */,
				56DC6A491EADAB9800449739 /* UserService.swift */,
				5657A96F1F055FDA008CA2FF /* BarService.swift */,
			);
			name = Services;
			sourceTree = "<group>";
		};
		19FBCBB31E6378AE00AA10B5 /* Utilities */ = {
			isa = PBXGroup;
			children = (
				19FBCBB91E6379E200AA10B5 /* Constants.swift */,
				56B91B071E651C7700CB40BB /* GeneralFunctions.swift */,
				56FDE7721E666F9D00BDE97F /* Protocols.swift */,
				5657A9711F0F28F1008CA2FF /* ConfigUtil.swift */,
				5657A9751F146D7A008CA2FF /* BarUtil.swift */,
			);
			name = Utilities;
			sourceTree = "<group>";
		};
		19FBCBB41E6378B600AA10B5 /* Model */ = {
			isa = PBXGroup;
			children = (
				56B91AFF1E651A8C00CB40BB /* User.swift */,
				56FDE7741E666FD600BDE97F /* Bar.swift */,
			);
			name = Model;
			sourceTree = "<group>";
		};
		19FBCBB51E6378BC00AA10B5 /* View */ = {
			isa = PBXGroup;
			children = (
				19FBCBB71E6379A600AA10B5 /* Shadow&RoundBtn.swift */,
				56F78A5D1E6A600E000E10F4 /* HistoryTableViewCell.swift */,
				56B91B031E651B6600CB40BB /* BarTableViewCell.swift */,
				199AF66C1E6F6DAA00FBBAD1 /* RoundedImageCorner.swift */,
				1916ADFA1E733AC3003EACC2 /* textViewRoundCorner.swift */,
				193944751E9FEE3900557853 /* circlePP.swift */,
				561DBAF01EE4FDC100D2DADD /* MenuItemTableViewCell.swift */,
				19BA3EEB1EEB1CAE00D07A96 /* ButtonTextLeft.swift */,
				19BA3EED1EEB1F7F00D07A96 /* viewRoundCorner.swift */,
				563E81151EF0B11B00AB1AE4 /* XibView.swift */,
			);
			name = View;
			sourceTree = "<group>";
		};
		19FBCBB61E6378C200AA10B5 /* Controller */ = {
			isa = PBXGroup;
			children = (
				56839A5B1EEDF8AB00A7E0ED /* Payout and Subscribe */,
				56839A5A1EEDF89C00A7E0ED /* Menu */,
				561FE53E1E94818A0062CE2A /* Archive */,
				56B00C401E70C9F900B64B71 /* LoginSigninFlow */,
				56FF178A1E6F9FE900089C7C /* CreateBarFlow */,
				19FBCB861E635FE500AA10B5 /* BarFeedVC.swift */,
				56B91AFD1E651A2000CB40BB /* AccountVC.swift */,
				56FDE76E1E6523DA00BDE97F /* HistoryVC.swift */,
				56FDE7701E666F3E00BDE97F /* BarDetailVC.swift */,
				5669A3DD1F033AA10098B9A0 /* PhoneVerificationVC.swift */,
				5669A3DB1F0299FB0098B9A0 /* RedeemSuccessVC.swift */,
				561DBAEE1EE4F18A00D2DADD /* SplashVC.swift */,
				560861651E7B6924001E1F13 /* ScreenWithBackButtonVC.swift */,
				561DBAF21EE8ECA900D2DADD /* RecommendBarVC.swift */,
				199AF66E1E6F969F00FBBAD1 /* ContactUsVC.swift */,
				561DBAF41EE8EF2400D2DADD /* TermsAndConditionsVC.swift */,
				56B963251F1E9A6800F63517 /* PrivacyPolicyVC.swift */,
				19FBCBB51E6378BC00AA10B5 /* View */,
			);
			name = Controller;
			sourceTree = "<group>";
		};
		561FE53E1E94818A0062CE2A /* Archive */ = {
			isa = PBXGroup;
			children = (
			);
			name = Archive;
			sourceTree = "<group>";
		};
		56839A5A1EEDF89C00A7E0ED /* Menu */ = {
			isa = PBXGroup;
			children = (
				561DBACF1EE2501E00D2DADD /* BaseMenuVC.swift */,
				561DBACD1EE0FA6200D2DADD /* SlideMenuVC.swift */,
			);
			name = Menu;
			sourceTree = "<group>";
		};
		56839A5B1EEDF8AB00A7E0ED /* Payout and Subscribe */ = {
			isa = PBXGroup;
			children = (
				56B589501E94668D009F7786 /* CheckoutVC.swift */,
				56DC611F1ECF5DE4001279F9 /* ReferralVC.swift */,
				561DBAF71EEA317800D2DADD /* PayPalCheckoutVC.swift */,
				56839A521EEDC68E00A7E0ED /* PaypalWebViewVC.swift */,
				5614B34D1EEA35CC00357244 /* FlipSideVC.swift */,
			);
			name = "Payout and Subscribe";
			sourceTree = "<group>";
		};
		56B00C401E70C9F900B64B71 /* LoginSigninFlow */ = {
			isa = PBXGroup;
			children = (
				56B91AFB1E65195600CB40BB /* FirstLoginVC.swift */,
				56FF17841E6F8DC000089C7C /* EmailLoginVC.swift */,
				56B00C3E1E70C9F400B64B71 /* CreateEmailLoginVC.swift */,
				5657A9771F151577008CA2FF /* FinishEmailVC.swift */,
				56B00C411E70CA2600B64B71 /* ForgotCredentialsVC.swift */,
			);
			name = LoginSigninFlow;
			sourceTree = "<group>";
		};
		56FF178A1E6F9FE900089C7C /* CreateBarFlow */ = {
			isa = PBXGroup;
			children = (
				56FF17861E6F8E5D00089C7C /* SignUpBarIntialVC.swift */,
				56FF17881E6F8F3500089C7C /* BarHoursVC.swift */,
				56FF178B1E6FA0A300089C7C /* BarAddDetailsVC.swift */,
				56FF178D1E6FA0BB00089C7C /* BarReviewVC.swift */,
			);
			name = CreateBarFlow;
			sourceTree = "<group>";
		};
		C387BBCABFA9C5ED466D521E /* Frameworks */ = {
			isa = PBXGroup;
			children = (
				26B584204E8B800ADDF298D4 /* Pods_Cheers.framework */,
				BA4CDDD0B1418C24C68CEFA8 /* Pods_CheersTests.framework */,
				A5987E8C9EA118C2713B89A3 /* Pods_CheersUITests.framework */,
			);
			name = Frameworks;
			sourceTree = "<group>";
		};
		CBD6B26D9B5D9A1CBC6C837C /* Pods */ = {
			isa = PBXGroup;
			children = (
				A1796906B35241706F3C0F60 /* Pods-Cheers.debug.xcconfig */,
				91E0287E48F2ECDEB8F29508 /* Pods-Cheers.release.xcconfig */,
				84C39E5C7F2AA6B4B91E2A62 /* Pods-CheersTests.debug.xcconfig */,
				0FF677D2DC6CF78E1672A73A /* Pods-CheersTests.release.xcconfig */,
				1803AED7E78CBD054C9CC6C6 /* Pods-CheersUITests.debug.xcconfig */,
				05ACC2884374D7C5120E77BD /* Pods-CheersUITests.release.xcconfig */,
			);
			name = Pods;
			sourceTree = "<group>";
		};
/* End PBXGroup section */

/* Begin PBXNativeTarget section */
		19FBCB801E635FE500AA10B5 /* Cheers */ = {
			isa = PBXNativeTarget;
			buildConfigurationList = 19FBCBA91E635FE500AA10B5 /* Build configuration list for PBXNativeTarget "Cheers" */;
			buildPhases = (
				EE1AFBA7680D6D48B9727E4C /* [CP] Check Pods Manifest.lock */,
				19FBCB7D1E635FE500AA10B5 /* Sources */,
				19FBCB7E1E635FE500AA10B5 /* Frameworks */,
				19FBCB7F1E635FE500AA10B5 /* Resources */,
				FED4E6A7105A83F6BD49EAA1 /* [CP] Embed Pods Frameworks */,
				9D146DDE724F058A57949B7C /* [CP] Copy Pods Resources */,
			);
			buildRules = (
			);
			dependencies = (
			);
			name = Cheers;
			productName = Cheers;
			productReference = 19FBCB811E635FE500AA10B5 /* Cheers.app */;
			productType = "com.apple.product-type.application";
		};
		19FBCB941E635FE500AA10B5 /* CheersTests */ = {
			isa = PBXNativeTarget;
			buildConfigurationList = 19FBCBAC1E635FE500AA10B5 /* Build configuration list for PBXNativeTarget "CheersTests" */;
			buildPhases = (
				FC0CAECF62AD0B62E8C740FB /* [CP] Check Pods Manifest.lock */,
				19FBCB911E635FE500AA10B5 /* Sources */,
				19FBCB921E635FE500AA10B5 /* Frameworks */,
				19FBCB931E635FE500AA10B5 /* Resources */,
				3C4332270E6FF108BD65B496 /* [CP] Embed Pods Frameworks */,
				F3D7E076BBD33D780CE43E91 /* [CP] Copy Pods Resources */,
			);
			buildRules = (
			);
			dependencies = (
				19FBCB971E635FE500AA10B5 /* PBXTargetDependency */,
			);
			name = CheersTests;
			productName = CheersTests;
			productReference = 19FBCB951E635FE500AA10B5 /* CheersTests.xctest */;
			productType = "com.apple.product-type.bundle.unit-test";
		};
		19FBCB9F1E635FE500AA10B5 /* CheersUITests */ = {
			isa = PBXNativeTarget;
			buildConfigurationList = 19FBCBAF1E635FE500AA10B5 /* Build configuration list for PBXNativeTarget "CheersUITests" */;
			buildPhases = (
				9A7A9F0FDC1DE0F80A6FA8F2 /* [CP] Check Pods Manifest.lock */,
				19FBCB9C1E635FE500AA10B5 /* Sources */,
				19FBCB9D1E635FE500AA10B5 /* Frameworks */,
				19FBCB9E1E635FE500AA10B5 /* Resources */,
				CC359F74CB47B879A43E6ABF /* [CP] Embed Pods Frameworks */,
				C0B25DE15BAE8C544C7B90B1 /* [CP] Copy Pods Resources */,
			);
			buildRules = (
			);
			dependencies = (
				19FBCBA21E635FE500AA10B5 /* PBXTargetDependency */,
			);
			name = CheersUITests;
			productName = CheersUITests;
			productReference = 19FBCBA01E635FE500AA10B5 /* CheersUITests.xctest */;
			productType = "com.apple.product-type.bundle.ui-testing";
		};
/* End PBXNativeTarget section */

/* Begin PBXProject section */
		19FBCB791E635FE500AA10B5 /* Project object */ = {
			isa = PBXProject;
			attributes = {
				LastSwiftUpdateCheck = 0820;
				LastUpgradeCheck = 0830;
				ORGANIZATIONNAME = Cheers;
				TargetAttributes = {
					19FBCB801E635FE500AA10B5 = {
						CreatedOnToolsVersion = 8.2.1;
						DevelopmentTeam = Y436CAXHW3;
						ProvisioningStyle = Automatic;
						SystemCapabilities = {
							com.apple.ApplePay = {
								enabled = 1;
							};
							com.apple.Push = {
								enabled = 1;
							};
						};
					};
					19FBCB941E635FE500AA10B5 = {
						CreatedOnToolsVersion = 8.2.1;
						DevelopmentTeam = T4B85P4F7X;
						ProvisioningStyle = Automatic;
						TestTargetID = 19FBCB801E635FE500AA10B5;
					};
					19FBCB9F1E635FE500AA10B5 = {
						CreatedOnToolsVersion = 8.2.1;
						DevelopmentTeam = T4B85P4F7X;
						ProvisioningStyle = Automatic;
						TestTargetID = 19FBCB801E635FE500AA10B5;
					};
				};
			};
			buildConfigurationList = 19FBCB7C1E635FE500AA10B5 /* Build configuration list for PBXProject "Cheers" */;
			compatibilityVersion = "Xcode 3.2";
			developmentRegion = English;
			hasScannedForEncodings = 0;
			knownRegions = (
				en,
				Base,
			);
			mainGroup = 19FBCB781E635FE500AA10B5;
			productRefGroup = 19FBCB821E635FE500AA10B5 /* Products */;
			projectDirPath = "";
			projectRoot = "";
			targets = (
				19FBCB801E635FE500AA10B5 /* Cheers */,
				19FBCB941E635FE500AA10B5 /* CheersTests */,
				19FBCB9F1E635FE500AA10B5 /* CheersUITests */,
			);
		};
/* End PBXProject section */

/* Begin PBXResourcesBuildPhase section */
		19FBCB7F1E635FE500AA10B5 /* Resources */ = {
			isa = PBXResourcesBuildPhase;
			buildActionMask = 2147483647;
			files = (
				56CE08821EF21F3900778FB7 /* CurrentlyUnused.storyboard in Resources */,
				561DBAEB1EE4EFD800D2DADD /* Menu.storyboard in Resources */,
				19FBCB8F1E635FE500AA10B5 /* LaunchScreen.storyboard in Resources */,
				56081B851EB03DAE00BF6671 /* GoogleService-Info.plist in Resources */,
				19FBCB8C1E635FE500AA10B5 /* Assets.xcassets in Resources */,
				561DBAED1EE4F00A00D2DADD /* LoginFlow.storyboard in Resources */,
				19FBCB8A1E635FE500AA10B5 /* Main.storyboard in Resources */,
				561DBAE71EE4EF3500D2DADD /* AddBarFlow.storyboard in Resources */,
				561DBAE91EE4EF4700D2DADD /* Splash.storyboard in Resources */,
			);
			runOnlyForDeploymentPostprocessing = 0;
		};
		19FBCB931E635FE500AA10B5 /* Resources */ = {
			isa = PBXResourcesBuildPhase;
			buildActionMask = 2147483647;
			files = (
			);
			runOnlyForDeploymentPostprocessing = 0;
		};
		19FBCB9E1E635FE500AA10B5 /* Resources */ = {
			isa = PBXResourcesBuildPhase;
			buildActionMask = 2147483647;
			files = (
			);
			runOnlyForDeploymentPostprocessing = 0;
		};
/* End PBXResourcesBuildPhase section */

/* Begin PBXShellScriptBuildPhase section */
		3C4332270E6FF108BD65B496 /* [CP] Embed Pods Frameworks */ = {
			isa = PBXShellScriptBuildPhase;
			buildActionMask = 2147483647;
			files = (
			);
			inputPaths = (
			);
			name = "[CP] Embed Pods Frameworks";
			outputPaths = (
			);
			runOnlyForDeploymentPostprocessing = 0;
			shellPath = /bin/sh;
			shellScript = "\"${SRCROOT}/Pods/Target Support Files/Pods-CheersTests/Pods-CheersTests-frameworks.sh\"\n";
			showEnvVarsInLog = 0;
		};
		9A7A9F0FDC1DE0F80A6FA8F2 /* [CP] Check Pods Manifest.lock */ = {
			isa = PBXShellScriptBuildPhase;
			buildActionMask = 2147483647;
			files = (
			);
			inputPaths = (
			);
			name = "[CP] Check Pods Manifest.lock";
			outputPaths = (
			);
			runOnlyForDeploymentPostprocessing = 0;
			shellPath = /bin/sh;
			shellScript = "diff \"${PODS_PODFILE_DIR_PATH}/Podfile.lock\" \"${PODS_ROOT}/Manifest.lock\" > /dev/null\nif [ $? != 0 ] ; then\n    # print error to STDERR\n    echo \"error: The sandbox is not in sync with the Podfile.lock. Run 'pod install' or update your CocoaPods installation.\" >&2\n    exit 1\nfi\n";
			showEnvVarsInLog = 0;
		};
		9D146DDE724F058A57949B7C /* [CP] Copy Pods Resources */ = {
			isa = PBXShellScriptBuildPhase;
			buildActionMask = 2147483647;
			files = (
			);
			inputPaths = (
			);
			name = "[CP] Copy Pods Resources";
			outputPaths = (
			);
			runOnlyForDeploymentPostprocessing = 0;
			shellPath = /bin/sh;
			shellScript = "\"${SRCROOT}/Pods/Target Support Files/Pods-Cheers/Pods-Cheers-resources.sh\"\n";
			showEnvVarsInLog = 0;
		};
		C0B25DE15BAE8C544C7B90B1 /* [CP] Copy Pods Resources */ = {
			isa = PBXShellScriptBuildPhase;
			buildActionMask = 2147483647;
			files = (
			);
			inputPaths = (
			);
			name = "[CP] Copy Pods Resources";
			outputPaths = (
			);
			runOnlyForDeploymentPostprocessing = 0;
			shellPath = /bin/sh;
			shellScript = "\"${SRCROOT}/Pods/Target Support Files/Pods-CheersUITests/Pods-CheersUITests-resources.sh\"\n";
			showEnvVarsInLog = 0;
		};
		CC359F74CB47B879A43E6ABF /* [CP] Embed Pods Frameworks */ = {
			isa = PBXShellScriptBuildPhase;
			buildActionMask = 2147483647;
			files = (
			);
			inputPaths = (
			);
			name = "[CP] Embed Pods Frameworks";
			outputPaths = (
			);
			runOnlyForDeploymentPostprocessing = 0;
			shellPath = /bin/sh;
			shellScript = "\"${SRCROOT}/Pods/Target Support Files/Pods-CheersUITests/Pods-CheersUITests-frameworks.sh\"\n";
			showEnvVarsInLog = 0;
		};
		EE1AFBA7680D6D48B9727E4C /* [CP] Check Pods Manifest.lock */ = {
			isa = PBXShellScriptBuildPhase;
			buildActionMask = 2147483647;
			files = (
			);
			inputPaths = (
			);
			name = "[CP] Check Pods Manifest.lock";
			outputPaths = (
			);
			runOnlyForDeploymentPostprocessing = 0;
			shellPath = /bin/sh;
			shellScript = "diff \"${PODS_PODFILE_DIR_PATH}/Podfile.lock\" \"${PODS_ROOT}/Manifest.lock\" > /dev/null\nif [ $? != 0 ] ; then\n    # print error to STDERR\n    echo \"error: The sandbox is not in sync with the Podfile.lock. Run 'pod install' or update your CocoaPods installation.\" >&2\n    exit 1\nfi\n";
			showEnvVarsInLog = 0;
		};
		F3D7E076BBD33D780CE43E91 /* [CP] Copy Pods Resources */ = {
			isa = PBXShellScriptBuildPhase;
			buildActionMask = 2147483647;
			files = (
			);
			inputPaths = (
			);
			name = "[CP] Copy Pods Resources";
			outputPaths = (
			);
			runOnlyForDeploymentPostprocessing = 0;
			shellPath = /bin/sh;
			shellScript = "\"${SRCROOT}/Pods/Target Support Files/Pods-CheersTests/Pods-CheersTests-resources.sh\"\n";
			showEnvVarsInLog = 0;
		};
		FC0CAECF62AD0B62E8C740FB /* [CP] Check Pods Manifest.lock */ = {
			isa = PBXShellScriptBuildPhase;
			buildActionMask = 2147483647;
			files = (
			);
			inputPaths = (
			);
			name = "[CP] Check Pods Manifest.lock";
			outputPaths = (
			);
			runOnlyForDeploymentPostprocessing = 0;
			shellPath = /bin/sh;
			shellScript = "diff \"${PODS_PODFILE_DIR_PATH}/Podfile.lock\" \"${PODS_ROOT}/Manifest.lock\" > /dev/null\nif [ $? != 0 ] ; then\n    # print error to STDERR\n    echo \"error: The sandbox is not in sync with the Podfile.lock. Run 'pod install' or update your CocoaPods installation.\" >&2\n    exit 1\nfi\n";
			showEnvVarsInLog = 0;
		};
		FED4E6A7105A83F6BD49EAA1 /* [CP] Embed Pods Frameworks */ = {
			isa = PBXShellScriptBuildPhase;
			buildActionMask = 2147483647;
			files = (
			);
			inputPaths = (
			);
			name = "[CP] Embed Pods Frameworks";
			outputPaths = (
			);
			runOnlyForDeploymentPostprocessing = 0;
			shellPath = /bin/sh;
			shellScript = "\"${SRCROOT}/Pods/Target Support Files/Pods-Cheers/Pods-Cheers-frameworks.sh\"\n";
			showEnvVarsInLog = 0;
		};
/* End PBXShellScriptBuildPhase section */

/* Begin PBXSourcesBuildPhase section */
		19FBCB7D1E635FE500AA10B5 /* Sources */ = {
			isa = PBXSourcesBuildPhase;
			buildActionMask = 2147483647;
			files = (
				5657A9721F0F28F1008CA2FF /* ConfigUtil.swift in Sources */,
				561DBACE1EE0FA6200D2DADD /* SlideMenuVC.swift in Sources */,
				199AF66D1E6F6DAA00FBBAD1 /* RoundedImageCorner.swift in Sources */,
				56FF178C1E6FA0A300089C7C /* BarAddDetailsVC.swift in Sources */,
				5669A3DC1F0299FB0098B9A0 /* RedeemSuccessVC.swift in Sources */,
				56FF178E1E6FA0BB00089C7C /* BarReviewVC.swift in Sources */,
				5669A3DE1F033AA10098B9A0 /* PhoneVerificationVC.swift in Sources */,
				561DBAEF1EE4F18A00D2DADD /* SplashVC.swift in Sources */,
				56B91B061E651C1700CB40BB /* DataService.swift in Sources */,
				561DBAF11EE4FDC100D2DADD /* MenuItemTableViewCell.swift in Sources */,
				56FF17891E6F8F3500089C7C /* BarHoursVC.swift in Sources */,
				56B589511E94668D009F7786 /* CheckoutVC.swift in Sources */,
				19BA3EEE1EEB1F7F00D07A96 /* viewRoundCorner.swift in Sources */,
				56FDE7751E666FD600BDE97F /* Bar.swift in Sources */,
				561DBAF81EEA317800D2DADD /* PayPalCheckoutVC.swift in Sources */,
				56DC61201ECF5DE4001279F9 /* ReferralVC.swift in Sources */,
				19BA3EEC1EEB1CAE00D07A96 /* ButtonTextLeft.swift in Sources */,
				56FDE7711E666F3E00BDE97F /* BarDetailVC.swift in Sources */,
				19FBCB871E635FE500AA10B5 /* BarFeedVC.swift in Sources */,
				5657A9761F146D7A008CA2FF /* BarUtil.swift in Sources */,
				199AF66F1E6F969F00FBBAD1 /* ContactUsVC.swift in Sources */,
				56839A531EEDC68E00A7E0ED /* PaypalWebViewVC.swift in Sources */,
				56FF17871E6F8E5D00089C7C /* SignUpBarIntialVC.swift in Sources */,
				5614B34E1EEA35CC00357244 /* FlipSideVC.swift in Sources */,
				56B00C421E70CA2600B64B71 /* ForgotCredentialsVC.swift in Sources */,
				560861661E7B6924001E1F13 /* ScreenWithBackButtonVC.swift in Sources */,
				56839A571EEDEA6B00A7E0ED /* PaypalAPIClient.swift in Sources */,
				1916ADFB1E733AC3003EACC2 /* textViewRoundCorner.swift in Sources */,
				56B91B041E651B6600CB40BB /* BarTableViewCell.swift in Sources */,
				19FBCB851E635FE500AA10B5 /* AppDelegate.swift in Sources */,
				56B91AFE1E651A2000CB40BB /* AccountVC.swift in Sources */,
				5605D48C1E9806900098EC52 /* MyFirebaseAPIClient.swift in Sources */,
				561DBAF51EE8EF2400D2DADD /* TermsAndConditionsVC.swift in Sources */,
				56FF17851E6F8DC000089C7C /* EmailLoginVC.swift in Sources */,
				56839A591EEDEAAB00A7E0ED /* RESTClient.swift in Sources */,
				56B963261F1E9A6900F63517 /* PrivacyPolicyVC.swift in Sources */,
				5657A9701F055FDA008CA2FF /* BarService.swift in Sources */,
				19FBCBB81E6379A600AA10B5 /* Shadow&RoundBtn.swift in Sources */,
				56B91B081E651C7700CB40BB /* GeneralFunctions.swift in Sources */,
				56F78A5E1E6A600E000E10F4 /* HistoryTableViewCell.swift in Sources */,
				19FBCBBA1E6379E200AA10B5 /* Constants.swift in Sources */,
				56FDE7731E666F9D00BDE97F /* Protocols.swift in Sources */,
				561DBAD01EE2501E00D2DADD /* BaseMenuVC.swift in Sources */,
				56FDE76F1E6523DA00BDE97F /* HistoryVC.swift in Sources */,
				193944761E9FEE3900557853 /* circlePP.swift in Sources */,
				56B91AFC1E65195600CB40BB /* FirstLoginVC.swift in Sources */,
				561DBAF31EE8ECA900D2DADD /* RecommendBarVC.swift in Sources */,
				5657A9781F151577008CA2FF /* FinishEmailVC.swift in Sources */,
				56DC6A4A1EADAB9800449739 /* UserService.swift in Sources */,
				5632C26B1E933716003C2D6B /* StripeAPIClient.swift in Sources */,
				56B91B001E651A8C00CB40BB /* User.swift in Sources */,
				56B00C3F1E70C9F400B64B71 /* CreateEmailLoginVC.swift in Sources */,
			);
			runOnlyForDeploymentPostprocessing = 0;
		};
		19FBCB911E635FE500AA10B5 /* Sources */ = {
			isa = PBXSourcesBuildPhase;
			buildActionMask = 2147483647;
			files = (
			);
			runOnlyForDeploymentPostprocessing = 0;
		};
		19FBCB9C1E635FE500AA10B5 /* Sources */ = {
			isa = PBXSourcesBuildPhase;
			buildActionMask = 2147483647;
			files = (
			);
			runOnlyForDeploymentPostprocessing = 0;
		};
/* End PBXSourcesBuildPhase section */

/* Begin PBXTargetDependency section */
		19FBCB971E635FE500AA10B5 /* PBXTargetDependency */ = {
			isa = PBXTargetDependency;
			target = 19FBCB801E635FE500AA10B5 /* Cheers */;
			targetProxy = 19FBCB961E635FE500AA10B5 /* PBXContainerItemProxy */;
		};
		19FBCBA21E635FE500AA10B5 /* PBXTargetDependency */ = {
			isa = PBXTargetDependency;
			target = 19FBCB801E635FE500AA10B5 /* Cheers */;
			targetProxy = 19FBCBA11E635FE500AA10B5 /* PBXContainerItemProxy */;
		};
/* End PBXTargetDependency section */

/* Begin PBXVariantGroup section */
		19FBCB881E635FE500AA10B5 /* Main.storyboard */ = {
			isa = PBXVariantGroup;
			children = (
				19FBCB891E635FE500AA10B5 /* Base */,
			);
			name = Main.storyboard;
			sourceTree = "<group>";
		};
		19FBCB8D1E635FE500AA10B5 /* LaunchScreen.storyboard */ = {
			isa = PBXVariantGroup;
			children = (
				19FBCB8E1E635FE500AA10B5 /* Base */,
			);
			name = LaunchScreen.storyboard;
			sourceTree = "<group>";
		};
		563E81151EF0B11B00AB1AE4 /* XibView.swift */ = {
			isa = PBXVariantGroup;
			children = (
				563E81161EF0B11B00AB1AE4 /* Base */,
			);
			name = XibView.swift;
			sourceTree = "<group>";
		};
/* End PBXVariantGroup section */

/* Begin XCBuildConfiguration section */
		19FBCBA71E635FE500AA10B5 /* Debug */ = {
			isa = XCBuildConfiguration;
			buildSettings = {
				ALWAYS_SEARCH_USER_PATHS = NO;
				CLANG_ANALYZER_NONNULL = YES;
				CLANG_CXX_LANGUAGE_STANDARD = "gnu++0x";
				CLANG_CXX_LIBRARY = "libc++";
				CLANG_ENABLE_MODULES = YES;
				CLANG_ENABLE_OBJC_ARC = YES;
				CLANG_WARN_BOOL_CONVERSION = YES;
				CLANG_WARN_CONSTANT_CONVERSION = YES;
				CLANG_WARN_DIRECT_OBJC_ISA_USAGE = YES_ERROR;
				CLANG_WARN_DOCUMENTATION_COMMENTS = YES;
				CLANG_WARN_EMPTY_BODY = YES;
				CLANG_WARN_ENUM_CONVERSION = YES;
				CLANG_WARN_INFINITE_RECURSION = YES;
				CLANG_WARN_INT_CONVERSION = YES;
				CLANG_WARN_OBJC_ROOT_CLASS = YES_ERROR;
				CLANG_WARN_SUSPICIOUS_MOVE = YES;
				CLANG_WARN_UNREACHABLE_CODE = YES;
				CLANG_WARN__DUPLICATE_METHOD_MATCH = YES;
				"CODE_SIGN_IDENTITY[sdk=iphoneos*]" = "iPhone Developer";
				COPY_PHASE_STRIP = NO;
				DEBUG_INFORMATION_FORMAT = dwarf;
				ENABLE_STRICT_OBJC_MSGSEND = YES;
				ENABLE_TESTABILITY = YES;
				GCC_C_LANGUAGE_STANDARD = gnu99;
				GCC_DYNAMIC_NO_PIC = NO;
				GCC_NO_COMMON_BLOCKS = YES;
				GCC_OPTIMIZATION_LEVEL = 0;
				GCC_PREPROCESSOR_DEFINITIONS = (
					"DEBUG=1",
					"$(inherited)",
				);
				GCC_WARN_64_TO_32_BIT_CONVERSION = YES;
				GCC_WARN_ABOUT_RETURN_TYPE = YES_ERROR;
				GCC_WARN_UNDECLARED_SELECTOR = YES;
				GCC_WARN_UNINITIALIZED_AUTOS = YES_AGGRESSIVE;
				GCC_WARN_UNUSED_FUNCTION = YES;
				GCC_WARN_UNUSED_VARIABLE = YES;
				IPHONEOS_DEPLOYMENT_TARGET = 10.2;
				MTL_ENABLE_DEBUG_INFO = YES;
				ONLY_ACTIVE_ARCH = YES;
				SDKROOT = iphoneos;
				SWIFT_ACTIVE_COMPILATION_CONDITIONS = DEBUG;
				"SWIFT_OBJC_BRIDGING_HEADER[arch=*]" = "$(PROJECT_DIR)/$(PROJECT_NAME)/$(PROJECT_NAME)-Bridging-Header.h";
				SWIFT_OPTIMIZATION_LEVEL = "-Onone";
				TARGETED_DEVICE_FAMILY = "1,2";
			};
			name = Debug;
		};
		19FBCBA81E635FE500AA10B5 /* Release */ = {
			isa = XCBuildConfiguration;
			buildSettings = {
				ALWAYS_SEARCH_USER_PATHS = NO;
				CLANG_ANALYZER_NONNULL = YES;
				CLANG_CXX_LANGUAGE_STANDARD = "gnu++0x";
				CLANG_CXX_LIBRARY = "libc++";
				CLANG_ENABLE_MODULES = YES;
				CLANG_ENABLE_OBJC_ARC = YES;
				CLANG_WARN_BOOL_CONVERSION = YES;
				CLANG_WARN_CONSTANT_CONVERSION = YES;
				CLANG_WARN_DIRECT_OBJC_ISA_USAGE = YES_ERROR;
				CLANG_WARN_DOCUMENTATION_COMMENTS = YES;
				CLANG_WARN_EMPTY_BODY = YES;
				CLANG_WARN_ENUM_CONVERSION = YES;
				CLANG_WARN_INFINITE_RECURSION = YES;
				CLANG_WARN_INT_CONVERSION = YES;
				CLANG_WARN_OBJC_ROOT_CLASS = YES_ERROR;
				CLANG_WARN_SUSPICIOUS_MOVE = YES;
				CLANG_WARN_UNREACHABLE_CODE = YES;
				CLANG_WARN__DUPLICATE_METHOD_MATCH = YES;
				"CODE_SIGN_IDENTITY[sdk=iphoneos*]" = "iPhone Developer";
				COPY_PHASE_STRIP = NO;
				DEBUG_INFORMATION_FORMAT = "dwarf-with-dsym";
				ENABLE_NS_ASSERTIONS = NO;
				ENABLE_STRICT_OBJC_MSGSEND = YES;
				GCC_C_LANGUAGE_STANDARD = gnu99;
				GCC_NO_COMMON_BLOCKS = YES;
				GCC_WARN_64_TO_32_BIT_CONVERSION = YES;
				GCC_WARN_ABOUT_RETURN_TYPE = YES_ERROR;
				GCC_WARN_UNDECLARED_SELECTOR = YES;
				GCC_WARN_UNINITIALIZED_AUTOS = YES_AGGRESSIVE;
				GCC_WARN_UNUSED_FUNCTION = YES;
				GCC_WARN_UNUSED_VARIABLE = YES;
				IPHONEOS_DEPLOYMENT_TARGET = 10.2;
				MTL_ENABLE_DEBUG_INFO = NO;
				SDKROOT = iphoneos;
				"SWIFT_OBJC_BRIDGING_HEADER[arch=*]" = "$(PROJECT_DIR)/$(PROJECT_NAME)/$(PROJECT_NAME)-Bridging-Header.h";
				SWIFT_OPTIMIZATION_LEVEL = "-Owholemodule";
				TARGETED_DEVICE_FAMILY = "1,2";
				VALIDATE_PRODUCT = YES;
			};
			name = Release;
		};
		19FBCBAA1E635FE500AA10B5 /* Debug */ = {
			isa = XCBuildConfiguration;
			baseConfigurationReference = A1796906B35241706F3C0F60 /* Pods-Cheers.debug.xcconfig */;
			buildSettings = {
				ALWAYS_EMBED_SWIFT_STANDARD_LIBRARIES = YES;
				ASSETCATALOG_COMPILER_APPICON_NAME = AppIcon;
				CODE_SIGN_ENTITLEMENTS = Cheers/Cheers.entitlements;
				DEVELOPMENT_TEAM = Y436CAXHW3;
				INFOPLIST_FILE = Cheers/Info.plist;
				IPHONEOS_DEPLOYMENT_TARGET = 9.3;
				LD_RUNPATH_SEARCH_PATHS = "$(inherited) @executable_path/Frameworks";
				PRODUCT_BUNDLE_IDENTIFIER = com.gettoastapp.toast;
				PRODUCT_NAME = "$(TARGET_NAME)";
				SWIFT_VERSION = 3.0;
				TARGETED_DEVICE_FAMILY = 1;
			};
			name = Debug;
		};
		19FBCBAB1E635FE500AA10B5 /* Release */ = {
			isa = XCBuildConfiguration;
			baseConfigurationReference = 91E0287E48F2ECDEB8F29508 /* Pods-Cheers.release.xcconfig */;
			buildSettings = {
				ALWAYS_EMBED_SWIFT_STANDARD_LIBRARIES = YES;
				ASSETCATALOG_COMPILER_APPICON_NAME = AppIcon;
				CODE_SIGN_ENTITLEMENTS = Cheers/Cheers.entitlements;
				DEVELOPMENT_TEAM = Y436CAXHW3;
				INFOPLIST_FILE = Cheers/Info.plist;
				IPHONEOS_DEPLOYMENT_TARGET = 9.3;
				LD_RUNPATH_SEARCH_PATHS = "$(inherited) @executable_path/Frameworks";
				PRODUCT_BUNDLE_IDENTIFIER = com.gettoastapp.toast;
				PRODUCT_NAME = "$(TARGET_NAME)";
				SWIFT_VERSION = 3.0;
				TARGETED_DEVICE_FAMILY = 1;
			};
			name = Release;
		};
		19FBCBAD1E635FE500AA10B5 /* Debug */ = {
			isa = XCBuildConfiguration;
			baseConfigurationReference = 84C39E5C7F2AA6B4B91E2A62 /* Pods-CheersTests.debug.xcconfig */;
			buildSettings = {
				ALWAYS_EMBED_SWIFT_STANDARD_LIBRARIES = YES;
				BUNDLE_LOADER = "$(TEST_HOST)";
				DEVELOPMENT_TEAM = T4B85P4F7X;
				INFOPLIST_FILE = CheersTests/Info.plist;
				LD_RUNPATH_SEARCH_PATHS = "$(inherited) @executable_path/Frameworks @loader_path/Frameworks";
				PRODUCT_BUNDLE_IDENTIFIER = Cheers.CheersTests;
				PRODUCT_NAME = "$(TARGET_NAME)";
				SWIFT_VERSION = 3.0;
				TEST_HOST = "$(BUILT_PRODUCTS_DIR)/Cheers.app/Cheers";
			};
			name = Debug;
		};
		19FBCBAE1E635FE500AA10B5 /* Release */ = {
			isa = XCBuildConfiguration;
			baseConfigurationReference = 0FF677D2DC6CF78E1672A73A /* Pods-CheersTests.release.xcconfig */;
			buildSettings = {
				ALWAYS_EMBED_SWIFT_STANDARD_LIBRARIES = YES;
				BUNDLE_LOADER = "$(TEST_HOST)";
				DEVELOPMENT_TEAM = T4B85P4F7X;
				INFOPLIST_FILE = CheersTests/Info.plist;
				LD_RUNPATH_SEARCH_PATHS = "$(inherited) @executable_path/Frameworks @loader_path/Frameworks";
				PRODUCT_BUNDLE_IDENTIFIER = Cheers.CheersTests;
				PRODUCT_NAME = "$(TARGET_NAME)";
				SWIFT_VERSION = 3.0;
				TEST_HOST = "$(BUILT_PRODUCTS_DIR)/Cheers.app/Cheers";
			};
			name = Release;
		};
		19FBCBB01E635FE500AA10B5 /* Debug */ = {
			isa = XCBuildConfiguration;
			baseConfigurationReference = 1803AED7E78CBD054C9CC6C6 /* Pods-CheersUITests.debug.xcconfig */;
			buildSettings = {
				ALWAYS_EMBED_SWIFT_STANDARD_LIBRARIES = YES;
				DEVELOPMENT_TEAM = T4B85P4F7X;
				INFOPLIST_FILE = CheersUITests/Info.plist;
				LD_RUNPATH_SEARCH_PATHS = "$(inherited) @executable_path/Frameworks @loader_path/Frameworks";
				PRODUCT_BUNDLE_IDENTIFIER = Cheers.CheersUITests;
				PRODUCT_NAME = "$(TARGET_NAME)";
				SWIFT_VERSION = 3.0;
				TEST_TARGET_NAME = Cheers;
			};
			name = Debug;
		};
		19FBCBB11E635FE500AA10B5 /* Release */ = {
			isa = XCBuildConfiguration;
			baseConfigurationReference = 05ACC2884374D7C5120E77BD /* Pods-CheersUITests.release.xcconfig */;
			buildSettings = {
				ALWAYS_EMBED_SWIFT_STANDARD_LIBRARIES = YES;
				DEVELOPMENT_TEAM = T4B85P4F7X;
				INFOPLIST_FILE = CheersUITests/Info.plist;
				LD_RUNPATH_SEARCH_PATHS = "$(inherited) @executable_path/Frameworks @loader_path/Frameworks";
				PRODUCT_BUNDLE_IDENTIFIER = Cheers.CheersUITests;
				PRODUCT_NAME = "$(TARGET_NAME)";
				SWIFT_VERSION = 3.0;
				TEST_TARGET_NAME = Cheers;
			};
			name = Release;
		};
/* End XCBuildConfiguration section */

/* Begin XCConfigurationList section */
		19FBCB7C1E635FE500AA10B5 /* Build configuration list for PBXProject "Cheers" */ = {
			isa = XCConfigurationList;
			buildConfigurations = (
				19FBCBA71E635FE500AA10B5 /* Debug */,
				19FBCBA81E635FE500AA10B5 /* Release */,
			);
			defaultConfigurationIsVisible = 0;
			defaultConfigurationName = Release;
		};
		19FBCBA91E635FE500AA10B5 /* Build configuration list for PBXNativeTarget "Cheers" */ = {
			isa = XCConfigurationList;
			buildConfigurations = (
				19FBCBAA1E635FE500AA10B5 /* Debug */,
				19FBCBAB1E635FE500AA10B5 /* Release */,
			);
			defaultConfigurationIsVisible = 0;
			defaultConfigurationName = Release;
		};
		19FBCBAC1E635FE500AA10B5 /* Build configuration list for PBXNativeTarget "CheersTests" */ = {
			isa = XCConfigurationList;
			buildConfigurations = (
				19FBCBAD1E635FE500AA10B5 /* Debug */,
				19FBCBAE1E635FE500AA10B5 /* Release */,
			);
			defaultConfigurationIsVisible = 0;
			defaultConfigurationName = Release;
		};
		19FBCBAF1E635FE500AA10B5 /* Build configuration list for PBXNativeTarget "CheersUITests" */ = {
			isa = XCConfigurationList;
			buildConfigurations = (
				19FBCBB01E635FE500AA10B5 /* Debug */,
				19FBCBB11E635FE500AA10B5 /* Release */,
			);
			defaultConfigurationIsVisible = 0;
			defaultConfigurationName = Release;
		};
/* End XCConfigurationList section */
	};
	rootObject = 19FBCB791E635FE500AA10B5 /* Project object */;
}
